
Microsoft Visual Studio Solution File, Format Version 12.00
# Visual Studio Version 17
VisualStudioVersion = 17.9.34728.123
MinimumVisualStudioVersion = 10.0.40219.1
Project("{FAE04EC0-301F-11D3-BF4B-00C04F79EFBC}") = "QuanLyQuanTraSua", "QuanLyQuanTraSua\QuanLyQuanTraSua.csproj", "{6CE21836-49D6-4A22-BF2D-52BD4BFC49BB}"
EndProject
Global
	GlobalSection(SolutionConfigurationPlatforms) = preSolution
		Debug|Any CPU = Debug|Any CPU
		Release|Any CPU = Release|Any CPU
	EndGlobalSection
	GlobalSection(ProjectConfigurationPlatforms) = postSolution
		{6CE21836-49D6-4A22-BF2D-52BD4BFC49BB}.Debug|Any CPU.ActiveCfg = Debug|Any CPU
		{6CE21836-49D6-4A22-BF2D-52BD4BFC49BB}.Debug|Any CPU.Build.0 = Debug|Any CPU
		{6CE21836-49D6-4A22-BF2D-52BD4BFC49BB}.Release|Any CPU.ActiveCfg = Release|Any CPU
		{6CE21836-49D6-4A22-BF2D-52BD4BFC49BB}.Release|Any CPU.Build.0 = Release|Any CPU
	EndGlobalSection
	GlobalSection(SolutionProperties) = preSolution
		HideSolutionNode = FALSE
	EndGlobalSection
	GlobalSection(ExtensibilityGlobals) = postSolution
		SolutionGuid = {3BF29B7D-85D9-4ECF-89FB-4BF2010F61AD}
	EndGlobalSection
EndGlobal
